
Microsoft Visual Studio Solution File, Format Version 12.00
# Visual Studio Version 16
VisualStudioVersion = 16.0.31410.357
MinimumVisualStudioVersion = 10.0.40219.1
Project("{FAE04EC0-301F-11D3-BF4B-00C04F79EFBC}") = "ParallelP", "ParallelP\ParallelP.csproj", "{0E5735FE-7059-43A9-81D5-666A77A79597}"
EndProject
Global
	GlobalSection(SolutionConfigurationPlatforms) = preSolution
		Debug|Any CPU = Debug|Any CPU
		Release|Any CPU = Release|Any CPU
	EndGlobalSection
	GlobalSection(ProjectConfigurationPlatforms) = postSolution
		{0E5735FE-7059-43A9-81D5-666A77A79597}.Debug|Any CPU.ActiveCfg = Debug|Any CPU
		{0E5735FE-7059-43A9-81D5-666A77A79597}.Debug|Any CPU.Build.0 = Debug|Any CPU
		{0E5735FE-7059-43A9-81D5-666A77A79597}.Release|Any CPU.ActiveCfg = Release|Any CPU
		{0E5735FE-7059-43A9-81D5-666A77A79597}.Release|Any CPU.Build.0 = Release|Any CPU
	EndGlobalSection
	GlobalSection(SolutionProperties) = preSolution
		HideSolutionNode = FALSE
	EndGlobalSection
	GlobalSection(ExtensibilityGlobals) = postSolution
		SolutionGuid = {E3FB0691-32D9-4FD8-BE8C-C7866691CF0B}
	EndGlobalSection
EndGlobal
